
Microsoft Visual Studio Solution File, Format Version 12.00
# Visual Studio Version 17
VisualStudioVersion = 17.14.36811.4 d17.14
MinimumVisualStudioVersion = 10.0.40219.1
Project("{FAE04EC0-301F-11D3-BF4B-00C04F79EFBC}") = "Capa_Presentacion", "Capa_Presentacion\Capa_Presentacion.csproj", "{FE5A0A02-CBCF-4EA0-99EF-14C02733B668}"
EndProject
Project("{FAE04EC0-301F-11D3-BF4B-00C04F79EFBC}") = "Capa_Negocios", "Capa_Negocios\Capa_Negocios.csproj", "{5DF90D79-5FEC-4D01-B5F6-483B20196B50}"
EndProject
Project("{FAE04EC0-301F-11D3-BF4B-00C04F79EFBC}") = "Capa_Datos", "Capa_Datos\Capa_Datos.csproj", "{7EA8192F-BF73-451C-B327-6D42A309C70F}"
EndProject
Global
	GlobalSection(SolutionConfigurationPlatforms) = preSolution
		Debug|Any CPU = Debug|Any CPU
		Release|Any CPU = Release|Any CPU
	EndGlobalSection
	GlobalSection(ProjectConfigurationPlatforms) = postSolution
		{FE5A0A02-CBCF-4EA0-99EF-14C02733B668}.Debug|Any CPU.ActiveCfg = Debug|Any CPU
		{FE5A0A02-CBCF-4EA0-99EF-14C02733B668}.Debug|Any CPU.Build.0 = Debug|Any CPU
		{FE5A0A02-CBCF-4EA0-99EF-14C02733B668}.Release|Any CPU.ActiveCfg = Release|Any CPU
		{FE5A0A02-CBCF-4EA0-99EF-14C02733B668}.Release|Any CPU.Build.0 = Release|Any CPU
		{5DF90D79-5FEC-4D01-B5F6-483B20196B50}.Debug|Any CPU.ActiveCfg = Debug|Any CPU
		{5DF90D79-5FEC-4D01-B5F6-483B20196B50}.Debug|Any CPU.Build.0 = Debug|Any CPU
		{5DF90D79-5FEC-4D01-B5F6-483B20196B50}.Release|Any CPU.ActiveCfg = Release|Any CPU
		{5DF90D79-5FEC-4D01-B5F6-483B20196B50}.Release|Any CPU.Build.0 = Release|Any CPU
		{7EA8192F-BF73-451C-B327-6D42A309C70F}.Debug|Any CPU.ActiveCfg = Debug|Any CPU
		{7EA8192F-BF73-451C-B327-6D42A309C70F}.Debug|Any CPU.Build.0 = Debug|Any CPU
		{7EA8192F-BF73-451C-B327-6D42A309C70F}.Release|Any CPU.ActiveCfg = Release|Any CPU
		{7EA8192F-BF73-451C-B327-6D42A309C70F}.Release|Any CPU.Build.0 = Release|Any CPU
	EndGlobalSection
	GlobalSection(SolutionProperties) = preSolution
		HideSolutionNode = FALSE
	EndGlobalSection
	GlobalSection(ExtensibilityGlobals) = postSolution
		SolutionGuid = {2BBA2D1D-6120-4E42-9135-BD6B38AE3497}
	EndGlobalSection
EndGlobal
